# This file is @generated by PDM.
# It is not intended for manual editing.

[metadata]
groups = ["default"]
strategy = ["inherit_metadata"]
lock_version = "4.5.0"
content_hash = "sha256:8197d1410d9ba2b62e55be10a89e88e4f93fd73e2b947f5713b8f832127a99aa"

[[metadata.targets]]
requires_python = ">=3.11.0"

[[package]]
name = "colorama"
version = "0.4.6"
requires_python = "!=3.0.*,!=3.1.*,!=3.2.*,!=3.3.*,!=3.4.*,!=3.5.*,!=3.6.*,>=2.7"
summary = "Cross-platform colored terminal text."
groups = ["default"]
marker = "sys_platform == \"win32\""
files = [
    {file = "colorama-0.4.6-py2.py3-none-any.whl", hash = "sha256:4f1d9991f5acc0ca119f9d443620b77f9d6b33703e51011c16baf57afb285fc6"},
    {file = "colorama-0.4.6.tar.gz", hash = "sha256:08695f5cb7ed6e0531a20572697297273c47b8cae5a63ffc6d6ed5c201be6e44"},
]

[[package]]
name = "iniconfig"
version = "2.1.0"
requires_python = ">=3.8"
summary = "brain-dead simple config-ini parsing"
groups = ["default"]
files = [
    {file = "iniconfig-2.1.0-py3-none-any.whl", hash = "sha256:9deba5723312380e77435581c6bf4935c94cbfab9b1ed33ef8d238ea168eb760"},
    {file = "iniconfig-2.1.0.tar.gz", hash = "sha256:3abbd2e30b36733fee78f9c7f7308f2d0050e88f0087fd25c2645f63c773e1c7"},
]

[[package]]
name = "packaging"
version = "25.0"
requires_python = ">=3.8"
summary = "Core utilities for Python packages"
groups = ["default"]
files = [
    {file = "packaging-25.0-py3-none-any.whl", hash = "sha256:29572ef2b1f17581046b3a2227d5c611fb25ec70ca1ba8554b24b0e69331a484"},
    {file = "packaging-25.0.tar.gz", hash = "sha256:d443872c98d677bf60f6a1f2f8c1cb748e8fe762d2bf9d3148b5599295b0fc4f"},
]

[[package]]
name = "pluggy"
version = "1.6.0"
requires_python = ">=3.9"
summary = "plugin and hook calling mechanisms for python"
groups = ["default"]
files = [
    {file = "pluggy-1.6.0-py3-none-any.whl", hash = "sha256:e920276dd6813095e9377c0bc5566d94c932c33b27a3e3945d8389c374dd4746"},
    {file = "pluggy-1.6.0.tar.gz", hash = "sha256:7dcc130b76258d33b90f61b658791dede3486c3e6bfb003ee5c9bfb396dd22f3"},
]

[[package]]
name = "psycopg"
version = "3.2.9"
requires_python = ">=3.8"
summary = "PostgreSQL database adapter for Python"
groups = ["default"]
dependencies = [
    "backports-zoneinfo>=0.2.0; python_version < \"3.9\"",
    "typing-extensions>=4.6; python_version < \"3.13\"",
    "tzdata; sys_platform == \"win32\"",
]
files = [
    {file = "psycopg-3.2.9-py3-none-any.whl", hash = "sha256:01a8dadccdaac2123c916208c96e06631641c0566b22005493f09663c7a8d3b6"},
    {file = "psycopg-3.2.9.tar.gz", hash = "sha256:2fbb46fcd17bc81f993f28c47f1ebea38d66ae97cc2dbc3cad73b37cefbff700"},
]

[[package]]
name = "psycopg-binary"
version = "3.2.9"
requires_python = ">=3.8"
summary = "PostgreSQL database adapter for Python -- C optimisation distribution"
groups = ["default"]
marker = "implementation_name != \"pypy\""
files = [
    {file = "psycopg_binary-3.2.9-cp311-cp311-macosx_10_9_x86_64.whl", hash = "sha256:2504e9fd94eabe545d20cddcc2ff0da86ee55d76329e1ab92ecfcc6c0a8156c4"},
    {file = "psycopg_binary-3.2.9-cp311-cp311-macosx_11_0_arm64.whl", hash = "sha256:093a0c079dd6228a7f3c3d82b906b41964eaa062a9a8c19f45ab4984bf4e872b"},
    {file = "psycopg_binary-3.2.9-cp311-cp311-manylinux_2_17_aarch64.manylinux2014_aarch64.whl", hash = "sha256:387c87b51d72442708e7a853e7e7642717e704d59571da2f3b29e748be58c78a"},
    {file = "psycopg_binary-3.2.9-cp311-cp311-manylinux_2_17_i686.manylinux2014_i686.whl", hash = "sha256:d9ac10a2ebe93a102a326415b330fff7512f01a9401406896e78a81d75d6eddc"},
    {file = "psycopg_binary-3.2.9-cp311-cp311-manylinux_2_17_ppc64le.manylinux2014_ppc64le.whl", hash = "sha256:72fdbda5b4c2a6a72320857ef503a6589f56d46821592d4377c8c8604810342b"},
    {file = "psycopg_binary-3.2.9-cp311-cp311-manylinux_2_17_x86_64.manylinux2014_x86_64.whl", hash = "sha256:f34e88940833d46108f949fdc1fcfb74d6b5ae076550cd67ab59ef47555dba95"},
    {file = "psycopg_binary-3.2.9-cp311-cp311-musllinux_1_2_aarch64.whl", hash = "sha256:a3e0f89fe35cb03ff1646ab663dabf496477bab2a072315192dbaa6928862891"},
    {file = "psycopg_binary-3.2.9-cp311-cp311-musllinux_1_2_i686.whl", hash = "sha256:6afb3e62f2a3456f2180a4eef6b03177788df7ce938036ff7f09b696d418d186"},
    {file = "psycopg_binary-3.2.9-cp311-cp311-musllinux_1_2_ppc64le.whl", hash = "sha256:cc19ed5c7afca3f6b298bfc35a6baa27adb2019670d15c32d0bb8f780f7d560d"},
    {file = "psycopg_binary-3.2.9-cp311-cp311-musllinux_1_2_x86_64.whl", hash = "sha256:bc75f63653ce4ec764c8f8c8b0ad9423e23021e1c34a84eb5f4ecac8538a4a4a"},
    {file = "psycopg_binary-3.2.9-cp311-cp311-win_amd64.whl", hash = "sha256:3db3ba3c470801e94836ad78bf11fd5fab22e71b0c77343a1ee95d693879937a"},
    {file = "psycopg_binary-3.2.9-cp312-cp312-macosx_10_13_x86_64.whl", hash = "sha256:be7d650a434921a6b1ebe3fff324dbc2364393eb29d7672e638ce3e21076974e"},
    {file = "psycopg_binary-3.2.9-cp312-cp312-macosx_11_0_arm64.whl", hash = "sha256:6a76b4722a529390683c0304501f238b365a46b1e5fb6b7249dbc0ad6fea51a0"},
    {file = "psycopg_binary-3.2.9-cp312-cp312-manylinux_2_17_aarch64.manylinux2014_aarch64.whl", hash = "sha256:96a551e4683f1c307cfc3d9a05fec62c00a7264f320c9962a67a543e3ce0d8ff"},
    {file = "psycopg_binary-3.2.9-cp312-cp312-manylinux_2_17_i686.manylinux2014_i686.whl", hash = "sha256:61d0a6ceed8f08c75a395bc28cb648a81cf8dee75ba4650093ad1a24a51c8724"},
    {file = "psycopg_binary-3.2.9-cp312-cp312-manylinux_2_17_ppc64le.manylinux2014_ppc64le.whl", hash = "sha256:ad280bbd409bf598683dda82232f5215cfc5f2b1bf0854e409b4d0c44a113b1d"},
    {file = "psycopg_binary-3.2.9-cp312-cp312-manylinux_2_17_x86_64.manylinux2014_x86_64.whl", hash = "sha256:76eddaf7fef1d0994e3d536ad48aa75034663d3a07f6f7e3e601105ae73aeff6"},
    {file = "psycopg_binary-3.2.9-cp312-cp312-musllinux_1_2_aarch64.whl", hash = "sha256:52e239cd66c4158e412318fbe028cd94b0ef21b0707f56dcb4bdc250ee58fd40"},
    {file = "psycopg_binary-3.2.9-cp312-cp312-musllinux_1_2_i686.whl", hash = "sha256:08bf9d5eabba160dd4f6ad247cf12f229cc19d2458511cab2eb9647f42fa6795"},
    {file = "psycopg_binary-3.2.9-cp312-cp312-musllinux_1_2_ppc64le.whl", hash = "sha256:1b2cf018168cad87580e67bdde38ff5e51511112f1ce6ce9a8336871f465c19a"},
    {file = "psycopg_binary-3.2.9-cp312-cp312-musllinux_1_2_x86_64.whl", hash = "sha256:14f64d1ac6942ff089fc7e926440f7a5ced062e2ed0949d7d2d680dc5c00e2d4"},
    {file = "psycopg_binary-3.2.9-cp312-cp312-win_amd64.whl", hash = "sha256:7a838852e5afb6b4126f93eb409516a8c02a49b788f4df8b6469a40c2157fa21"},
    {file = "psycopg_binary-3.2.9-cp313-cp313-macosx_10_13_x86_64.whl", hash = "sha256:98bbe35b5ad24a782c7bf267596638d78aa0e87abc7837bdac5b2a2ab954179e"},
    {file = "psycopg_binary-3.2.9-cp313-cp313-macosx_11_0_arm64.whl", hash = "sha256:72691a1615ebb42da8b636c5ca9f2b71f266be9e172f66209a361c175b7842c5"},
    {file = "psycopg_binary-3.2.9-cp313-cp313-manylinux_2_17_aarch64.manylinux2014_aarch64.whl", hash = "sha256:25ab464bfba8c401f5536d5aa95f0ca1dd8257b5202eede04019b4415f491351"},
    {file = "psycopg_binary-3.2.9-cp313-cp313-manylinux_2_17_i686.manylinux2014_i686.whl", hash = "sha256:0e8aeefebe752f46e3c4b769e53f1d4ad71208fe1150975ef7662c22cca80fab"},
    {file = "psycopg_binary-3.2.9-cp313-cp313-manylinux_2_17_ppc64le.manylinux2014_ppc64le.whl", hash = "sha256:b7e4e4dd177a8665c9ce86bc9caae2ab3aa9360b7ce7ec01827ea1baea9ff748"},
    {file = "psycopg_binary-3.2.9-cp313-cp313-manylinux_2_17_x86_64.manylinux2014_x86_64.whl", hash = "sha256:7fc2915949e5c1ea27a851f7a472a7da7d0a40d679f0a31e42f1022f3c562e87"},
    {file = "psycopg_binary-3.2.9-cp313-cp313-musllinux_1_2_aarch64.whl", hash = "sha256:a1fa38a4687b14f517f049477178093c39c2a10fdcced21116f47c017516498f"},
    {file = "psycopg_binary-3.2.9-cp313-cp313-musllinux_1_2_i686.whl", hash = "sha256:5be8292d07a3ab828dc95b5ee6b69ca0a5b2e579a577b39671f4f5b47116dfd2"},
    {file = "psycopg_binary-3.2.9-cp313-cp313-musllinux_1_2_ppc64le.whl", hash = "sha256:778588ca9897b6c6bab39b0d3034efff4c5438f5e3bd52fda3914175498202f9"},
    {file = "psycopg_binary-3.2.9-cp313-cp313-musllinux_1_2_x86_64.whl", hash = "sha256:f0d5b3af045a187aedbd7ed5fc513bd933a97aaff78e61c3745b330792c4345b"},
    {file = "psycopg_binary-3.2.9-cp313-cp313-win_amd64.whl", hash = "sha256:2290bc146a1b6a9730350f695e8b670e1d1feb8446597bed0bbe7c3c30e0abcb"},
]

[[package]]
name = "psycopg-pool"
version = "3.2.6"
requires_python = ">=3.8"
summary = "Connection Pool for Psycopg"
groups = ["default"]
dependencies = [
    "typing-extensions>=4.6",
]
files = [
    {file = "psycopg_pool-3.2.6-py3-none-any.whl", hash = "sha256:5887318a9f6af906d041a0b1dc1c60f8f0dda8340c2572b74e10907b51ed5da7"},
    {file = "psycopg_pool-3.2.6.tar.gz", hash = "sha256:0f92a7817719517212fbfe2fd58b8c35c1850cdd2a80d36b581ba2085d9148e5"},
]

[[package]]
name = "psycopg"
version = "3.2.9"
extras = ["binary", "pool"]
requires_python = ">=3.8"
summary = "PostgreSQL database adapter for Python"
groups = ["default"]
dependencies = [
    "psycopg-binary==3.2.9; implementation_name != \"pypy\"",
    "psycopg-pool",
    "psycopg==3.2.9",
]
files = [
    {file = "psycopg-3.2.9-py3-none-any.whl", hash = "sha256:01a8dadccdaac2123c916208c96e06631641c0566b22005493f09663c7a8d3b6"},
    {file = "psycopg-3.2.9.tar.gz", hash = "sha256:2fbb46fcd17bc81f993f28c47f1ebea38d66ae97cc2dbc3cad73b37cefbff700"},
]

[[package]]
name = "pygments"
version = "2.19.1"
requires_python = ">=3.8"
summary = "Pygments is a syntax highlighting package written in Python."
groups = ["default"]
files = [
    {file = "pygments-2.19.1-py3-none-any.whl", hash = "sha256:9ea1544ad55cecf4b8242fab6dd35a93bbce657034b0611ee383099054ab6d8c"},
    {file = "pygments-2.19.1.tar.gz", hash = "sha256:61c16d2a8576dc0649d9f39e089b5f02bcd27fba10d8fb4dcc28173f7a45151f"},
]

[[package]]
name = "pytest"
version = "8.4.0"
requires_python = ">=3.9"
summary = "pytest: simple powerful testing with Python"
groups = ["default"]
dependencies = [
    "colorama>=0.4; sys_platform == \"win32\"",
    "exceptiongroup>=1; python_version < \"3.11\"",
    "iniconfig>=1",
    "packaging>=20",
    "pluggy<2,>=1.5",
    "pygments>=2.7.2",
    "tomli>=1; python_version < \"3.11\"",
]
files = [
    {file = "pytest-8.4.0-py3-none-any.whl", hash = "sha256:f40f825768ad76c0977cbacdf1fd37c6f7a468e460ea6a0636078f8972d4517e"},
    {file = "pytest-8.4.0.tar.gz", hash = "sha256:14d920b48472ea0dbf68e45b96cd1ffda4705f33307dcc86c676c1b5104838a6"},
]

[[package]]
name = "typing-extensions"
version = "4.14.0"
requires_python = ">=3.9"
summary = "Backported and Experimental Type Hints for Python 3.9+"
groups = ["default"]
files = [
    {file = "typing_extensions-4.14.0-py3-none-any.whl", hash = "sha256:a1514509136dd0b477638fc68d6a91497af5076466ad0fa6c338e44e359944af"},
    {file = "typing_extensions-4.14.0.tar.gz", hash = "sha256:8676b788e32f02ab42d9e7c61324048ae4c6d844a399eebace3d4979d75ceef4"},
]

[[package]]
name = "tzdata"
version = "2025.2"
requires_python = ">=2"
summary = "Provider of IANA time zone data"
groups = ["default"]
marker = "sys_platform == \"win32\""
files = [
    {file = "tzdata-2025.2-py2.py3-none-any.whl", hash = "sha256:1a403fada01ff9221ca8044d701868fa132215d84beb92242d9acd2147f667a8"},
    {file = "tzdata-2025.2.tar.gz", hash = "sha256:b60a638fcc0daffadf82fe0f57e53d06bdec2f36c4df66280ae79bce6bd6f2b9"},
]
